id: zpdu_sub_pull_socket
label: ZMQ SUB/PULL Message Source
category: '[zpdu]'

templates:
  imports: import zpdu
  make: zpdu.sub_pull_socket(${address}, ${socket}, ${link}, ${timeout})


#  Make one 'parameters' list entry for every parameter you want settable from the GUI.
#     Keys include:
#     * id (makes the value accessible as \$keyname, e.g. in the make entry)
#     * label (label shown in the GUI)
#     * dtype (e.g. int, float, complex, byte, short, xxx_vector, ...)
parameters:
-   id: address
    label: Address
    dtype: string
-   id: socket
    label: Socket Type
    dtype: int
    default: 2
    options: ['2', '7']
    option_labels: [SUB, PULL]
-   id: link
    label: Link Type
    dtype: bool
    default: True
    options: ['True', 'False']
    option_labels: [Bind, Connect]
-   id: timeout
    label: Timeout (msec)
    dtype: float
    default: 100

    
#  Make one 'inputs' list entry per input and one 'outputs' list entry per output.
#  Keys include:
#      * label (an identifier for the GUI)
#      * domain (optional - stream or message. Default is stream)
#      * dtype (e.g. int, float, complex, byte, short, xxx_vector, ...)
#      * vlen (optional - data stream vector length. Default is 1)
#      * optional (optional - set to 1 for optional inputs. Default is 0)
outputs:
-   domain: message
    id: out


# summary of this blocks purpose that will appear in the documentation tab of its properties
documentation: |-
    This block receives unserialized zmq data from a socket and sends it as a pdu to the output port.

#  'file_format' specifies the version of the GRC yml format used in the file
#  and should usually not be changed.
file_format: 1
