id: pduencode_byte_flip
label: Byte Flip
category: '[pduencode]'

templates:
  imports: import pduencode
  make: pduencode.byte_flip(${seqnum}, ${hwid}, ${crc16})


#  Make one 'parameters' list entry for every parameter you want settable from the GUI.
#     Keys include:
#     * id (makes the value accessible as \$keyname, e.g. in the make entry)
#     * label (label shown in the GUI)
#     * dtype (e.g. int, float, complex, byte, short, xxx_vector, ...)
parameters:
- id: seqnum
  label: Seqnum bytes
  dtype: bool
  default: True
  options: ['True', 'False']
  option_labels: [Flip, No flip]
- id: hwid
  label: HWID bytes
  dtype: bool
  default: True
  options: ['True', 'False']
  option_labels: [Flip, No flip]
- id: crc16
  label: CRC16 bytes
  dtype: bool
  default: True
  options: ['True', 'False']
  option_labels: [Flip, No flip]


#  Make one 'inputs' list entry per input and one 'outputs' list entry per output.
#  Keys include:
#      * label (an identifier for the GUI)
#      * domain (optional - stream or message. Default is stream)
#      * dtype (e.g. int, float, complex, byte, short, xxx_vector, ...)
#      * vlen (optional - data stream vector length. Default is 1)
#      * optional (optional - set to 1 for optional inputs. Default is 0)
inputs:
-   domain: message
    id: in
outputs:
-   domain: message
    id: out


# summary of this blocks purpose that will appear in the documentation tab of its properties
documentation: |-
    This block flips the seqnum, hwid, or crc16 bytes of a rf openlst packet if enabled so they can be read more intuitively.

#  'file_format' specifies the version of the GRC yml format used in the file
#  and should usually not be changed.
file_format: 1
